
Microsoft Visual Studio Solution File, Format Version 12.00
# Visual Studio Version 17
VisualStudioVersion = 17.10.35122.118
MinimumVisualStudioVersion = 10.0.40219.1
Project("{FAE04EC0-301F-11D3-BF4B-00C04F79EFBC}") = "gRPC_Broker", "gRPC_Broker\gRPC_Broker.csproj", "{64CE0593-A2EC-49F3-8F11-87D322771E78}"
EndProject
Project("{FAE04EC0-301F-11D3-BF4B-00C04F79EFBC}") = "gRPC_Sender", "gRPC_Sender\gRPC_Sender.csproj", "{42170418-6618-46C9-8C69-69F1DBC9C781}"
EndProject
Global
	GlobalSection(SolutionConfigurationPlatforms) = preSolution
		Debug|Any CPU = Debug|Any CPU
		Release|Any CPU = Release|Any CPU
	EndGlobalSection
	GlobalSection(ProjectConfigurationPlatforms) = postSolution
		{64CE0593-A2EC-49F3-8F11-87D322771E78}.Debug|Any CPU.ActiveCfg = Debug|Any CPU
		{64CE0593-A2EC-49F3-8F11-87D322771E78}.Debug|Any CPU.Build.0 = Debug|Any CPU
		{64CE0593-A2EC-49F3-8F11-87D322771E78}.Release|Any CPU.ActiveCfg = Release|Any CPU
		{64CE0593-A2EC-49F3-8F11-87D322771E78}.Release|Any CPU.Build.0 = Release|Any CPU
		{42170418-6618-46C9-8C69-69F1DBC9C781}.Debug|Any CPU.ActiveCfg = Debug|Any CPU
		{42170418-6618-46C9-8C69-69F1DBC9C781}.Debug|Any CPU.Build.0 = Debug|Any CPU
		{42170418-6618-46C9-8C69-69F1DBC9C781}.Release|Any CPU.ActiveCfg = Release|Any CPU
		{42170418-6618-46C9-8C69-69F1DBC9C781}.Release|Any CPU.Build.0 = Release|Any CPU
	EndGlobalSection
	GlobalSection(SolutionProperties) = preSolution
		HideSolutionNode = FALSE
	EndGlobalSection
	GlobalSection(ExtensibilityGlobals) = postSolution
		SolutionGuid = {3B961D41-04C2-4966-A814-EA86F2D51516}
	EndGlobalSection
EndGlobal
